Microsoft Visual Studio Solution File, Format Version 12.00
# Visual Studio Version 16
VisualStudioVersion = 16.0.0.0
MinimumVisualStudioVersion = 16.0.0.0
Project("{9A19103F-16F7-4668-BE54-9A1E7A4F7556}") = "AuthInBlazorWasm.Server", "Server\AuthInBlazorWasm.Server.csproj", "{645C094D-B6BD-403B-B40F-545C53C63126}"
EndProject
Project("{9A19103F-16F7-4668-BE54-9A1E7A4F7556}") = "AuthInBlazorWasm.Client", "Client\AuthInBlazorWasm.Client.csproj", "{61F3EC99-F978-4C52-95D3-6BA5693529EB}"
EndProject
Project("{9A19103F-16F7-4668-BE54-9A1E7A4F7556}") = "AuthInBlazorWasm.Shared", "Shared\AuthInBlazorWasm.Shared.csproj", "{5C02F564-CE97-4C6E-8794-AA00E89C206D}"
EndProject
Global
	GlobalSection(SolutionConfigurationPlatforms) = preSolution
		Debug|Any CPU = Debug|Any CPU
		Debug|x64 = Debug|x64
		Debug|x86 = Debug|x86
		Release|Any CPU = Release|Any CPU
		Release|x64 = Release|x64
		Release|x86 = Release|x86
	EndGlobalSection
	GlobalSection(ProjectConfigurationPlatforms) = postSolution
		{61F3EC99-F978-4C52-95D3-6BA5693529EB}.Debug|Any CPU.ActiveCfg = Debug|Any CPU
		{61F3EC99-F978-4C52-95D3-6BA5693529EB}.Debug|Any CPU.Build.0 = Debug|Any CPU
		{61F3EC99-F978-4C52-95D3-6BA5693529EB}.Debug|x64.ActiveCfg = Debug|Any CPU
		{61F3EC99-F978-4C52-95D3-6BA5693529EB}.Debug|x64.Build.0 = Debug|Any CPU
		{61F3EC99-F978-4C52-95D3-6BA5693529EB}.Debug|x86.ActiveCfg = Debug|Any CPU
		{61F3EC99-F978-4C52-95D3-6BA5693529EB}.Debug|x86.Build.0 = Debug|Any CPU
		{61F3EC99-F978-4C52-95D3-6BA5693529EB}.Release|Any CPU.ActiveCfg = Release|Any CPU
		{61F3EC99-F978-4C52-95D3-6BA5693529EB}.Release|Any CPU.Build.0 = Release|Any CPU
		{61F3EC99-F978-4C52-95D3-6BA5693529EB}.Release|x64.ActiveCfg = Release|Any CPU
		{61F3EC99-F978-4C52-95D3-6BA5693529EB}.Release|x64.Build.0 = Release|Any CPU
		{61F3EC99-F978-4C52-95D3-6BA5693529EB}.Release|x86.ActiveCfg = Release|Any CPU
		{61F3EC99-F978-4C52-95D3-6BA5693529EB}.Release|x86.Build.0 = Release|Any CPU
		{645C094D-B6BD-403B-B40F-545C53C63126}.Debug|Any CPU.ActiveCfg = Debug|Any CPU
		{645C094D-B6BD-403B-B40F-545C53C63126}.Debug|Any CPU.Build.0 = Debug|Any CPU
		{645C094D-B6BD-403B-B40F-545C53C63126}.Debug|x64.ActiveCfg = Debug|Any CPU
		{645C094D-B6BD-403B-B40F-545C53C63126}.Debug|x64.Build.0 = Debug|Any CPU
		{645C094D-B6BD-403B-B40F-545C53C63126}.Debug|x86.ActiveCfg = Debug|Any CPU
		{645C094D-B6BD-403B-B40F-545C53C63126}.Debug|x86.Build.0 = Debug|Any CPU
		{645C094D-B6BD-403B-B40F-545C53C63126}.Release|Any CPU.ActiveCfg = Release|Any CPU
		{645C094D-B6BD-403B-B40F-545C53C63126}.Release|Any CPU.Build.0 = Release|Any CPU
		{645C094D-B6BD-403B-B40F-545C53C63126}.Release|x64.ActiveCfg = Release|Any CPU
		{645C094D-B6BD-403B-B40F-545C53C63126}.Release|x64.Build.0 = Release|Any CPU
		{645C094D-B6BD-403B-B40F-545C53C63126}.Release|x86.ActiveCfg = Release|Any CPU
		{645C094D-B6BD-403B-B40F-545C53C63126}.Release|x86.Build.0 = Release|Any CPU
		{5C02F564-CE97-4C6E-8794-AA00E89C206D}.Debug|Any CPU.ActiveCfg = Debug|Any CPU
		{5C02F564-CE97-4C6E-8794-AA00E89C206D}.Debug|Any CPU.Build.0 = Debug|Any CPU
		{5C02F564-CE97-4C6E-8794-AA00E89C206D}.Debug|x64.ActiveCfg = Debug|Any CPU
		{5C02F564-CE97-4C6E-8794-AA00E89C206D}.Debug|x64.Build.0 = Debug|Any CPU
		{5C02F564-CE97-4C6E-8794-AA00E89C206D}.Debug|x86.ActiveCfg = Debug|Any CPU
		{5C02F564-CE97-4C6E-8794-AA00E89C206D}.Debug|x86.Build.0 = Debug|Any CPU
		{5C02F564-CE97-4C6E-8794-AA00E89C206D}.Release|Any CPU.ActiveCfg = Release|Any CPU
		{5C02F564-CE97-4C6E-8794-AA00E89C206D}.Release|Any CPU.Build.0 = Release|Any CPU
		{5C02F564-CE97-4C6E-8794-AA00E89C206D}.Release|x64.ActiveCfg = Release|Any CPU
		{5C02F564-CE97-4C6E-8794-AA00E89C206D}.Release|x64.Build.0 = Release|Any CPU
		{5C02F564-CE97-4C6E-8794-AA00E89C206D}.Release|x86.ActiveCfg = Release|Any CPU
		{5C02F564-CE97-4C6E-8794-AA00E89C206D}.Release|x86.Build.0 = Release|Any CPU
	EndGlobalSection
	GlobalSection(SolutionProperties) = preSolution
		HideSolutionNode = FALSE
	EndGlobalSection
	GlobalSection(ExtensibilityGlobals) = postSolution
		SolutionGuid = {D73FF190-FD5C-4F99-AF66-774CDAB21B4C}
	EndGlobalSection
EndGlobal